
Microsoft Visual Studio Solution File, Format Version 12.00
# Visual Studio Version 17
VisualStudioVersion = 17.8.34511.84
MinimumVisualStudioVersion = 10.0.40219.1
Project("{FAE04EC0-301F-11D3-BF4B-00C04F79EFBC}") = "GestStudent", "GestStudent\GestStudent.csproj", "{04F20237-A09B-4B84-9544-3663C903ADE2}"
EndProject
Global
	GlobalSection(SolutionConfigurationPlatforms) = preSolution
		Debug|Any CPU = Debug|Any CPU
		Release|Any CPU = Release|Any CPU
	EndGlobalSection
	GlobalSection(ProjectConfigurationPlatforms) = postSolution
		{04F20237-A09B-4B84-9544-3663C903ADE2}.Debug|Any CPU.ActiveCfg = Debug|Any CPU
		{04F20237-A09B-4B84-9544-3663C903ADE2}.Debug|Any CPU.Build.0 = Debug|Any CPU
		{04F20237-A09B-4B84-9544-3663C903ADE2}.Release|Any CPU.ActiveCfg = Release|Any CPU
		{04F20237-A09B-4B84-9544-3663C903ADE2}.Release|Any CPU.Build.0 = Release|Any CPU
	EndGlobalSection
	GlobalSection(SolutionProperties) = preSolution
		HideSolutionNode = FALSE
	EndGlobalSection
	GlobalSection(ExtensibilityGlobals) = postSolution
		SolutionGuid = {ACC89DBB-94BC-4103-8CE2-4099060D287C}
	EndGlobalSection
EndGlobal
